
Microsoft Visual Studio Solution File, Format Version 12.00
# Visual Studio 14
VisualStudioVersion = 14.0.24720.0
MinimumVisualStudioVersion = 10.0.40219.1
Project("{F184B08F-C81C-45F6-A57F-5ABD9991F28F}") = "RiskProject", "RiskProject\RiskProject.vbproj", "{568F4AAD-BA5C-4303-A42F-5A1CD9442BCD}"
EndProject
Global
	GlobalSection(SolutionConfigurationPlatforms) = preSolution
		Debug|Any CPU = Debug|Any CPU
		Release|Any CPU = Release|Any CPU
	EndGlobalSection
	GlobalSection(ProjectConfigurationPlatforms) = postSolution
		{568F4AAD-BA5C-4303-A42F-5A1CD9442BCD}.Debug|Any CPU.ActiveCfg = Debug|Any CPU
		{568F4AAD-BA5C-4303-A42F-5A1CD9442BCD}.Debug|Any CPU.Build.0 = Debug|Any CPU
		{568F4AAD-BA5C-4303-A42F-5A1CD9442BCD}.Release|Any CPU.ActiveCfg = Release|Any CPU
		{568F4AAD-BA5C-4303-A42F-5A1CD9442BCD}.Release|Any CPU.Build.0 = Release|Any CPU
	EndGlobalSection
	GlobalSection(SolutionProperties) = preSolution
		HideSolutionNode = FALSE
	EndGlobalSection
EndGlobal
